// !$*UTF8*$!
{
	archiveVersion = 1;
	classes = {
	};
	objectVersion = 56;
	objects = {

/* Begin PBXBuildFile section */
		3A086BBF2AFE0AA70023B692 /* s21_abs.c in Sources */ = {isa = PBXBuildFile; fileRef = 3A086BAB2AFE0AA70023B692 /* s21_abs.c */; };
		3A086BC02AFE0AA70023B692 /* s21_pow.c in Sources */ = {isa = PBXBuildFile; fileRef = 3A086BAC2AFE0AA70023B692 /* s21_pow.c */; };
		3A086BC12AFE0AA70023B692 /* s21_fmod.c in Sources */ = {isa = PBXBuildFile; fileRef = 3A086BAD2AFE0AA70023B692 /* s21_fmod.c */; };
		3A086BC22AFE0AA70023B692 /* s21_factorial.c in Sources */ = {isa = PBXBuildFile; fileRef = 3A086BAE2AFE0AA70023B692 /* s21_factorial.c */; };
		3A086BC32AFE0AA70023B692 /* s21_sin.c in Sources */ = {isa = PBXBuildFile; fileRef = 3A086BAF2AFE0AA70023B692 /* s21_sin.c */; };
		3A086BC42AFE0AA70023B692 /* s21_ceil.c in Sources */ = {isa = PBXBuildFile; fileRef = 3A086BB12AFE0AA70023B692 /* s21_ceil.c */; };
		3A086BC52AFE0AA70023B692 /* s21_floor.c in Sources */ = {isa = PBXBuildFile; fileRef = 3A086BB22AFE0AA70023B692 /* s21_floor.c */; };
		3A086BC62AFE0AA70023B692 /* s21_cos.c in Sources */ = {isa = PBXBuildFile; fileRef = 3A086BB32AFE0AA70023B692 /* s21_cos.c */; };
		3A086BC72AFE0AA70023B692 /* s21_sqrt.c in Sources */ = {isa = PBXBuildFile; fileRef = 3A086BB42AFE0AA70023B692 /* s21_sqrt.c */; };
		3A086BC82AFE0AA70023B692 /* s21_asin.c in Sources */ = {isa = PBXBuildFile; fileRef = 3A086BB52AFE0AA70023B692 /* s21_asin.c */; };
		3A086BC92AFE0AA70023B692 /* s21_log.c in Sources */ = {isa = PBXBuildFile; fileRef = 3A086BB62AFE0AA70023B692 /* s21_log.c */; };
		3A086BCA2AFE0AA70023B692 /* s21_tan.c in Sources */ = {isa = PBXBuildFile; fileRef = 3A086BB72AFE0AA70023B692 /* s21_tan.c */; };
		3A086BCB2AFE0AA70023B692 /* s21_exp.c in Sources */ = {isa = PBXBuildFile; fileRef = 3A086BB82AFE0AA70023B692 /* s21_exp.c */; };
		3A086BCC2AFE0AA70023B692 /* s21_acos.c in Sources */ = {isa = PBXBuildFile; fileRef = 3A086BBA2AFE0AA70023B692 /* s21_acos.c */; };
		3A086BCD2AFE0AA70023B692 /* s21_fabs.c in Sources */ = {isa = PBXBuildFile; fileRef = 3A086BBB2AFE0AA70023B692 /* s21_fabs.c */; };
		3A086BCE2AFE0AA70023B692 /* s21_atan.c in Sources */ = {isa = PBXBuildFile; fileRef = 3A086BBC2AFE0AA70023B692 /* s21_atan.c */; };
		3A086BCF2AFE0AA70023B692 /* Makefile in Sources */ = {isa = PBXBuildFile; fileRef = 3A086BBD2AFE0AA70023B692 /* Makefile */; };
		3A3C3FD22B08F49800113E94 /* Makefile in Sources */ = {isa = PBXBuildFile; fileRef = 3A3C3FBB2B08F49800113E94 /* Makefile */; };
		3A3C3FD32B08F49800113E94 /* s21_strstr.c in Sources */ = {isa = PBXBuildFile; fileRef = 3A3C3FBC2B08F49800113E94 /* s21_strstr.c */; };
		3A3C3FD42B08F49800113E94 /* s21_trim.c in Sources */ = {isa = PBXBuildFile; fileRef = 3A3C3FBD2B08F49800113E94 /* s21_trim.c */; };
		3A3C3FD52B08F49800113E94 /* s21_memcpy.c in Sources */ = {isa = PBXBuildFile; fileRef = 3A3C3FBE2B08F49800113E94 /* s21_memcpy.c */; };
		3A3C3FD62B08F49800113E94 /* s21_strrchr.c in Sources */ = {isa = PBXBuildFile; fileRef = 3A3C3FBF2B08F49800113E94 /* s21_strrchr.c */; };
		3A3C3FD72B08F49800113E94 /* s21_strchr.c in Sources */ = {isa = PBXBuildFile; fileRef = 3A3C3FC12B08F49800113E94 /* s21_strchr.c */; };
		3A3C3FD82B08F49800113E94 /* s21_to_upper.c in Sources */ = {isa = PBXBuildFile; fileRef = 3A3C3FC22B08F49800113E94 /* s21_to_upper.c */; };
		3A3C3FD92B08F49800113E94 /* s21_insert.c in Sources */ = {isa = PBXBuildFile; fileRef = 3A3C3FC32B08F49800113E94 /* s21_insert.c */; };
		3A3C3FDA2B08F49800113E94 /* s21_memchr.c in Sources */ = {isa = PBXBuildFile; fileRef = 3A3C3FC42B08F49800113E94 /* s21_memchr.c */; };
		3A3C3FDB2B08F49800113E94 /* s21_strlen.c in Sources */ = {isa = PBXBuildFile; fileRef = 3A3C3FC52B08F49800113E94 /* s21_strlen.c */; };
		3A3C3FDC2B08F49800113E94 /* s21_strcspn.c in Sources */ = {isa = PBXBuildFile; fileRef = 3A3C3FC62B08F49800113E94 /* s21_strcspn.c */; };
		3A3C3FDD2B08F49800113E94 /* s21_memcmp.c in Sources */ = {isa = PBXBuildFile; fileRef = 3A3C3FC72B08F49800113E94 /* s21_memcmp.c */; };
		3A3C3FDE2B08F49800113E94 /* s21_strncat.c in Sources */ = {isa = PBXBuildFile; fileRef = 3A3C3FC82B08F49800113E94 /* s21_strncat.c */; };
		3A3C3FDF2B08F49800113E94 /* s21_strncpy.c in Sources */ = {isa = PBXBuildFile; fileRef = 3A3C3FC92B08F49800113E94 /* s21_strncpy.c */; };
		3A3C3FE02B08F49800113E94 /* s21_memset.c in Sources */ = {isa = PBXBuildFile; fileRef = 3A3C3FCA2B08F49800113E94 /* s21_memset.c */; };
		3A3C3FE12B08F49800113E94 /* s21_strpbrk.c in Sources */ = {isa = PBXBuildFile; fileRef = 3A3C3FCB2B08F49800113E94 /* s21_strpbrk.c */; };
		3A3C3FE22B08F49800113E94 /* s21_strerror.c in Sources */ = {isa = PBXBuildFile; fileRef = 3A3C3FCC2B08F49800113E94 /* s21_strerror.c */; };
		3A3C3FE32B08F49800113E94 /* s21_strtok.c in Sources */ = {isa = PBXBuildFile; fileRef = 3A3C3FCD2B08F49800113E94 /* s21_strtok.c */; };
		3A3C3FE42B08F49800113E94 /* s21_strcat.c in Sources */ = {isa = PBXBuildFile; fileRef = 3A3C3FCE2B08F49800113E94 /* s21_strcat.c */; };
		3A3C3FE52B08F49800113E94 /* s21_strncmp.c in Sources */ = {isa = PBXBuildFile; fileRef = 3A3C3FD02B08F49800113E94 /* s21_strncmp.c */; };
		3A3C3FE62B08F49800113E94 /* s21_to_lower.c in Sources */ = {isa = PBXBuildFile; fileRef = 3A3C3FD12B08F49800113E94 /* s21_to_lower.c */; };
		3A3C3FF52B0B9F7D00113E94 /* s21_calc_complements.c in Sources */ = {isa = PBXBuildFile; fileRef = 3A3C3FE72B0B9F7D00113E94 /* s21_calc_complements.c */; };
		3A3C3FF62B0B9F7D00113E94 /* s21_mult_number.c in Sources */ = {isa = PBXBuildFile; fileRef = 3A3C3FE82B0B9F7D00113E94 /* s21_mult_number.c */; };
		3A3C3FF72B0B9F7D00113E94 /* s21_sub_matrix.c in Sources */ = {isa = PBXBuildFile; fileRef = 3A3C3FE92B0B9F7D00113E94 /* s21_sub_matrix.c */; };
		3A3C3FF82B0B9F7D00113E94 /* s21_inverse_matrix.c in Sources */ = {isa = PBXBuildFile; fileRef = 3A3C3FEB2B0B9F7D00113E94 /* s21_inverse_matrix.c */; };
		3A3C3FF92B0B9F7D00113E94 /* s21_remove_matrix.c in Sources */ = {isa = PBXBuildFile; fileRef = 3A3C3FEC2B0B9F7D00113E94 /* s21_remove_matrix.c */; };
		3A3C3FFA2B0B9F7D00113E94 /* s21_transpose.c in Sources */ = {isa = PBXBuildFile; fileRef = 3A3C3FED2B0B9F7D00113E94 /* s21_transpose.c */; };
		3A3C3FFB2B0B9F7D00113E94 /* s21_eq_matrix.c in Sources */ = {isa = PBXBuildFile; fileRef = 3A3C3FEE2B0B9F7D00113E94 /* s21_eq_matrix.c */; };
		3A3C3FFC2B0B9F7D00113E94 /* s21_mult_matrix.c in Sources */ = {isa = PBXBuildFile; fileRef = 3A3C3FEF2B0B9F7D00113E94 /* s21_mult_matrix.c */; };
		3A3C3FFD2B0B9F7D00113E94 /* s21_determinant.c in Sources */ = {isa = PBXBuildFile; fileRef = 3A3C3FF02B0B9F7D00113E94 /* s21_determinant.c */; };
		3A3C3FFE2B0B9F7D00113E94 /* s21_sum_matrix.c in Sources */ = {isa = PBXBuildFile; fileRef = 3A3C3FF12B0B9F7D00113E94 /* s21_sum_matrix.c */; };
		3A3C3FFF2B0B9F7D00113E94 /* s21_common.c in Sources */ = {isa = PBXBuildFile; fileRef = 3A3C3FF22B0B9F7D00113E94 /* s21_common.c */; };
		3A3C40002B0B9F7D00113E94 /* s21_create_matrix.c in Sources */ = {isa = PBXBuildFile; fileRef = 3A3C3FF32B0B9F7D00113E94 /* s21_create_matrix.c */; };
		3A3C40012B0B9F7D00113E94 /* Makefile in Sources */ = {isa = PBXBuildFile; fileRef = 3A3C3FF42B0B9F7D00113E94 /* Makefile */; };
		3A6CC1EB2AF4CC6400F52464 /* s21_sprintf.c in Sources */ = {isa = PBXBuildFile; fileRef = 3A6CC1EA2AF4CC6400F52464 /* s21_sprintf.c */; };
		3A6CC2042AF76AEB00F52464 /* s21_cat.c in Sources */ = {isa = PBXBuildFile; fileRef = 3A6CC2032AF76AEB00F52464 /* s21_cat.c */; };
		3A6CC2092AF76B3300F52464 /* s21_grep.c in Sources */ = {isa = PBXBuildFile; fileRef = 3A6CC2082AF76B3300F52464 /* s21_grep.c */; };
		3A7AF3DF2B1F215300DA9749 /* Makefile in Sources */ = {isa = PBXBuildFile; fileRef = 3A7AF3DA2B1F215300DA9749 /* Makefile */; };
		3A8453CE2AFB733D003730A0 /* Makefile in Sources */ = {isa = PBXBuildFile; fileRef = 3A8453C92AFB733D003730A0 /* Makefile */; };
/* End PBXBuildFile section */

/* Begin PBXCopyFilesBuildPhase section */
		3A6CC1DD2AF4CC2700F52464 /* CopyFiles */ = {
			isa = PBXCopyFilesBuildPhase;
			buildActionMask = 2147483647;
			dstPath = /usr/share/man/man1/;
			dstSubfolderSpec = 0;
			files = (
			);
			runOnlyForDeploymentPostprocessing = 1;
		};
/* End PBXCopyFilesBuildPhase section */

/* Begin PBXFileReference section */
		3A086BAB2AFE0AA70023B692 /* s21_abs.c */ = {isa = PBXFileReference; fileEncoding = 4; lastKnownFileType = sourcecode.c.c; path = s21_abs.c; sourceTree = "<group>"; };
		3A086BAC2AFE0AA70023B692 /* s21_pow.c */ = {isa = PBXFileReference; fileEncoding = 4; lastKnownFileType = sourcecode.c.c; path = s21_pow.c; sourceTree = "<group>"; };
		3A086BAD2AFE0AA70023B692 /* s21_fmod.c */ = {isa = PBXFileReference; fileEncoding = 4; lastKnownFileType = sourcecode.c.c; path = s21_fmod.c; sourceTree = "<group>"; };
		3A086BAE2AFE0AA70023B692 /* s21_factorial.c */ = {isa = PBXFileReference; fileEncoding = 4; lastKnownFileType = sourcecode.c.c; path = s21_factorial.c; sourceTree = "<group>"; };
		3A086BAF2AFE0AA70023B692 /* s21_sin.c */ = {isa = PBXFileReference; fileEncoding = 4; lastKnownFileType = sourcecode.c.c; path = s21_sin.c; sourceTree = "<group>"; };
		3A086BB02AFE0AA70023B692 /* s21_math.h */ = {isa = PBXFileReference; fileEncoding = 4; lastKnownFileType = sourcecode.c.h; path = s21_math.h; sourceTree = "<group>"; };
		3A086BB12AFE0AA70023B692 /* s21_ceil.c */ = {isa = PBXFileReference; fileEncoding = 4; lastKnownFileType = sourcecode.c.c; path = s21_ceil.c; sourceTree = "<group>"; };
		3A086BB22AFE0AA70023B692 /* s21_floor.c */ = {isa = PBXFileReference; fileEncoding = 4; lastKnownFileType = sourcecode.c.c; path = s21_floor.c; sourceTree = "<group>"; };
		3A086BB32AFE0AA70023B692 /* s21_cos.c */ = {isa = PBXFileReference; fileEncoding = 4; lastKnownFileType = sourcecode.c.c; path = s21_cos.c; sourceTree = "<group>"; };
		3A086BB42AFE0AA70023B692 /* s21_sqrt.c */ = {isa = PBXFileReference; fileEncoding = 4; lastKnownFileType = sourcecode.c.c; path = s21_sqrt.c; sourceTree = "<group>"; };
		3A086BB52AFE0AA70023B692 /* s21_asin.c */ = {isa = PBXFileReference; fileEncoding = 4; lastKnownFileType = sourcecode.c.c; path = s21_asin.c; sourceTree = "<group>"; };
		3A086BB62AFE0AA70023B692 /* s21_log.c */ = {isa = PBXFileReference; fileEncoding = 4; lastKnownFileType = sourcecode.c.c; path = s21_log.c; sourceTree = "<group>"; };
		3A086BB72AFE0AA70023B692 /* s21_tan.c */ = {isa = PBXFileReference; fileEncoding = 4; lastKnownFileType = sourcecode.c.c; path = s21_tan.c; sourceTree = "<group>"; };
		3A086BB82AFE0AA70023B692 /* s21_exp.c */ = {isa = PBXFileReference; fileEncoding = 4; lastKnownFileType = sourcecode.c.c; path = s21_exp.c; sourceTree = "<group>"; };
		3A086BBA2AFE0AA70023B692 /* s21_acos.c */ = {isa = PBXFileReference; fileEncoding = 4; lastKnownFileType = sourcecode.c.c; path = s21_acos.c; sourceTree = "<group>"; };
		3A086BBB2AFE0AA70023B692 /* s21_fabs.c */ = {isa = PBXFileReference; fileEncoding = 4; lastKnownFileType = sourcecode.c.c; path = s21_fabs.c; sourceTree = "<group>"; };
		3A086BBC2AFE0AA70023B692 /* s21_atan.c */ = {isa = PBXFileReference; fileEncoding = 4; lastKnownFileType = sourcecode.c.c; path = s21_atan.c; sourceTree = "<group>"; };
		3A086BBD2AFE0AA70023B692 /* Makefile */ = {isa = PBXFileReference; fileEncoding = 4; lastKnownFileType = sourcecode.make; path = Makefile; sourceTree = "<group>"; };
		3A086BBE2AFE0AA70023B692 /* unit_tests */ = {isa = PBXFileReference; lastKnownFileType = folder; path = unit_tests; sourceTree = "<group>"; };
		3A3C3FBB2B08F49800113E94 /* Makefile */ = {isa = PBXFileReference; fileEncoding = 4; lastKnownFileType = sourcecode.make; path = Makefile; sourceTree = "<group>"; };
		3A3C3FBC2B08F49800113E94 /* s21_strstr.c */ = {isa = PBXFileReference; fileEncoding = 4; lastKnownFileType = sourcecode.c.c; path = s21_strstr.c; sourceTree = "<group>"; };
		3A3C3FBD2B08F49800113E94 /* s21_trim.c */ = {isa = PBXFileReference; fileEncoding = 4; lastKnownFileType = sourcecode.c.c; path = s21_trim.c; sourceTree = "<group>"; };
		3A3C3FBE2B08F49800113E94 /* s21_memcpy.c */ = {isa = PBXFileReference; fileEncoding = 4; lastKnownFileType = sourcecode.c.c; path = s21_memcpy.c; sourceTree = "<group>"; };
		3A3C3FBF2B08F49800113E94 /* s21_strrchr.c */ = {isa = PBXFileReference; fileEncoding = 4; lastKnownFileType = sourcecode.c.c; path = s21_strrchr.c; sourceTree = "<group>"; };
		3A3C3FC02B08F49800113E94 /* unit_tests */ = {isa = PBXFileReference; lastKnownFileType = folder; path = unit_tests; sourceTree = "<group>"; };
		3A3C3FC12B08F49800113E94 /* s21_strchr.c */ = {isa = PBXFileReference; fileEncoding = 4; lastKnownFileType = sourcecode.c.c; path = s21_strchr.c; sourceTree = "<group>"; };
		3A3C3FC22B08F49800113E94 /* s21_to_upper.c */ = {isa = PBXFileReference; fileEncoding = 4; lastKnownFileType = sourcecode.c.c; path = s21_to_upper.c; sourceTree = "<group>"; };
		3A3C3FC32B08F49800113E94 /* s21_insert.c */ = {isa = PBXFileReference; fileEncoding = 4; lastKnownFileType = sourcecode.c.c; path = s21_insert.c; sourceTree = "<group>"; };
		3A3C3FC42B08F49800113E94 /* s21_memchr.c */ = {isa = PBXFileReference; fileEncoding = 4; lastKnownFileType = sourcecode.c.c; path = s21_memchr.c; sourceTree = "<group>"; };
		3A3C3FC52B08F49800113E94 /* s21_strlen.c */ = {isa = PBXFileReference; fileEncoding = 4; lastKnownFileType = sourcecode.c.c; path = s21_strlen.c; sourceTree = "<group>"; };
		3A3C3FC62B08F49800113E94 /* s21_strcspn.c */ = {isa = PBXFileReference; fileEncoding = 4; lastKnownFileType = sourcecode.c.c; path = s21_strcspn.c; sourceTree = "<group>"; };
		3A3C3FC72B08F49800113E94 /* s21_memcmp.c */ = {isa = PBXFileReference; fileEncoding = 4; lastKnownFileType = sourcecode.c.c; path = s21_memcmp.c; sourceTree = "<group>"; };
		3A3C3FC82B08F49800113E94 /* s21_strncat.c */ = {isa = PBXFileReference; fileEncoding = 4; lastKnownFileType = sourcecode.c.c; path = s21_strncat.c; sourceTree = "<group>"; };
		3A3C3FC92B08F49800113E94 /* s21_strncpy.c */ = {isa = PBXFileReference; fileEncoding = 4; lastKnownFileType = sourcecode.c.c; path = s21_strncpy.c; sourceTree = "<group>"; };
		3A3C3FCA2B08F49800113E94 /* s21_memset.c */ = {isa = PBXFileReference; fileEncoding = 4; lastKnownFileType = sourcecode.c.c; path = s21_memset.c; sourceTree = "<group>"; };
		3A3C3FCB2B08F49800113E94 /* s21_strpbrk.c */ = {isa = PBXFileReference; fileEncoding = 4; lastKnownFileType = sourcecode.c.c; path = s21_strpbrk.c; sourceTree = "<group>"; };
		3A3C3FCC2B08F49800113E94 /* s21_strerror.c */ = {isa = PBXFileReference; fileEncoding = 4; lastKnownFileType = sourcecode.c.c; path = s21_strerror.c; sourceTree = "<group>"; };
		3A3C3FCD2B08F49800113E94 /* s21_strtok.c */ = {isa = PBXFileReference; fileEncoding = 4; lastKnownFileType = sourcecode.c.c; path = s21_strtok.c; sourceTree = "<group>"; };
		3A3C3FCE2B08F49800113E94 /* s21_strcat.c */ = {isa = PBXFileReference; fileEncoding = 4; lastKnownFileType = sourcecode.c.c; path = s21_strcat.c; sourceTree = "<group>"; };
		3A3C3FCF2B08F49800113E94 /* s21_sprintf.h */ = {isa = PBXFileReference; fileEncoding = 4; lastKnownFileType = sourcecode.c.h; path = s21_sprintf.h; sourceTree = "<group>"; };
		3A3C3FD02B08F49800113E94 /* s21_strncmp.c */ = {isa = PBXFileReference; fileEncoding = 4; lastKnownFileType = sourcecode.c.c; path = s21_strncmp.c; sourceTree = "<group>"; };
		3A3C3FD12B08F49800113E94 /* s21_to_lower.c */ = {isa = PBXFileReference; fileEncoding = 4; lastKnownFileType = sourcecode.c.c; path = s21_to_lower.c; sourceTree = "<group>"; };
		3A3C3FE72B0B9F7D00113E94 /* s21_calc_complements.c */ = {isa = PBXFileReference; fileEncoding = 4; lastKnownFileType = sourcecode.c.c; path = s21_calc_complements.c; sourceTree = "<group>"; };
		3A3C3FE82B0B9F7D00113E94 /* s21_mult_number.c */ = {isa = PBXFileReference; fileEncoding = 4; lastKnownFileType = sourcecode.c.c; path = s21_mult_number.c; sourceTree = "<group>"; };
		3A3C3FE92B0B9F7D00113E94 /* s21_sub_matrix.c */ = {isa = PBXFileReference; fileEncoding = 4; lastKnownFileType = sourcecode.c.c; path = s21_sub_matrix.c; sourceTree = "<group>"; };
		3A3C3FEA2B0B9F7D00113E94 /* tests */ = {isa = PBXFileReference; lastKnownFileType = folder; path = tests; sourceTree = "<group>"; };
		3A3C3FEB2B0B9F7D00113E94 /* s21_inverse_matrix.c */ = {isa = PBXFileReference; fileEncoding = 4; lastKnownFileType = sourcecode.c.c; path = s21_inverse_matrix.c; sourceTree = "<group>"; };
		3A3C3FEC2B0B9F7D00113E94 /* s21_remove_matrix.c */ = {isa = PBXFileReference; fileEncoding = 4; lastKnownFileType = sourcecode.c.c; path = s21_remove_matrix.c; sourceTree = "<group>"; };
		3A3C3FED2B0B9F7D00113E94 /* s21_transpose.c */ = {isa = PBXFileReference; fileEncoding = 4; lastKnownFileType = sourcecode.c.c; path = s21_transpose.c; sourceTree = "<group>"; };
		3A3C3FEE2B0B9F7D00113E94 /* s21_eq_matrix.c */ = {isa = PBXFileReference; fileEncoding = 4; lastKnownFileType = sourcecode.c.c; path = s21_eq_matrix.c; sourceTree = "<group>"; };
		3A3C3FEF2B0B9F7D00113E94 /* s21_mult_matrix.c */ = {isa = PBXFileReference; fileEncoding = 4; lastKnownFileType = sourcecode.c.c; path = s21_mult_matrix.c; sourceTree = "<group>"; };
		3A3C3FF02B0B9F7D00113E94 /* s21_determinant.c */ = {isa = PBXFileReference; fileEncoding = 4; lastKnownFileType = sourcecode.c.c; path = s21_determinant.c; sourceTree = "<group>"; };
		3A3C3FF12B0B9F7D00113E94 /* s21_sum_matrix.c */ = {isa = PBXFileReference; fileEncoding = 4; lastKnownFileType = sourcecode.c.c; path = s21_sum_matrix.c; sourceTree = "<group>"; };
		3A3C3FF22B0B9F7D00113E94 /* s21_common.c */ = {isa = PBXFileReference; fileEncoding = 4; lastKnownFileType = sourcecode.c.c; path = s21_common.c; sourceTree = "<group>"; };
		3A3C3FF32B0B9F7D00113E94 /* s21_create_matrix.c */ = {isa = PBXFileReference; fileEncoding = 4; lastKnownFileType = sourcecode.c.c; path = s21_create_matrix.c; sourceTree = "<group>"; };
		3A3C3FF42B0B9F7D00113E94 /* Makefile */ = {isa = PBXFileReference; fileEncoding = 4; lastKnownFileType = sourcecode.make; path = Makefile; sourceTree = "<group>"; };
		3A6CC1DF2AF4CC2700F52464 /* Libraries */ = {isa = PBXFileReference; explicitFileType = "compiled.mach-o.executable"; includeInIndex = 0; path = Libraries; sourceTree = BUILT_PRODUCTS_DIR; };
		3A6CC1E92AF4CC6400F52464 /* s21_string.h */ = {isa = PBXFileReference; lastKnownFileType = sourcecode.c.h; path = s21_string.h; sourceTree = "<group>"; };
		3A6CC1EA2AF4CC6400F52464 /* s21_sprintf.c */ = {isa = PBXFileReference; lastKnownFileType = sourcecode.c.c; path = s21_sprintf.c; sourceTree = "<group>"; };
		3A6CC1FE2AF5F22400F52464 /* s21_matrix.h */ = {isa = PBXFileReference; lastKnownFileType = sourcecode.c.h; path = s21_matrix.h; sourceTree = "<group>"; };
		3A6CC2022AF76AEB00F52464 /* s21_cat.h */ = {isa = PBXFileReference; lastKnownFileType = sourcecode.c.h; path = s21_cat.h; sourceTree = "<group>"; };
		3A6CC2032AF76AEB00F52464 /* s21_cat.c */ = {isa = PBXFileReference; lastKnownFileType = sourcecode.c.c; path = s21_cat.c; sourceTree = "<group>"; };
		3A6CC2072AF76B3300F52464 /* s21_grep.h */ = {isa = PBXFileReference; lastKnownFileType = sourcecode.c.h; path = s21_grep.h; sourceTree = "<group>"; };
		3A6CC2082AF76B3300F52464 /* s21_grep.c */ = {isa = PBXFileReference; lastKnownFileType = sourcecode.c.c; path = s21_grep.c; sourceTree = "<group>"; };
		3A7AF3DA2B1F215300DA9749 /* Makefile */ = {isa = PBXFileReference; fileEncoding = 4; lastKnownFileType = sourcecode.make; path = Makefile; sourceTree = "<group>"; };
		3A7AF3DB2B1F215300DA9749 /* funcs */ = {isa = PBXFileReference; lastKnownFileType = folder; path = funcs; sourceTree = "<group>"; };
		3A7AF3DC2B1F215300DA9749 /* coverage */ = {isa = PBXFileReference; lastKnownFileType = folder; path = coverage; sourceTree = "<group>"; };
		3A7AF3DD2B1F215300DA9749 /* objs */ = {isa = PBXFileReference; lastKnownFileType = folder; path = objs; sourceTree = "<group>"; };
		3A7AF3DE2B1F215300DA9749 /* tests */ = {isa = PBXFileReference; lastKnownFileType = folder; path = tests; sourceTree = "<group>"; };
		3A7AF3E02B1F231900DA9749 /* unit_tests */ = {isa = PBXFileReference; lastKnownFileType = folder; path = unit_tests; sourceTree = "<group>"; };
		3A8453BA2AFB7332003730A0 /* Makefile */ = {isa = PBXFileReference; lastKnownFileType = sourcecode.make; path = Makefile; sourceTree = "<group>"; };
		3A8453BB2AFB7332003730A0 /* test_3_grep.txt */ = {isa = PBXFileReference; fileEncoding = 4; lastKnownFileType = text; path = test_3_grep.txt; sourceTree = "<group>"; };
		3A8453BC2AFB7332003730A0 /* test_5_grep.txt */ = {isa = PBXFileReference; fileEncoding = 4; lastKnownFileType = text; path = test_5_grep.txt; sourceTree = "<group>"; };
		3A8453BD2AFB7332003730A0 /* test_6_grep.txt */ = {isa = PBXFileReference; fileEncoding = 4; lastKnownFileType = text; path = test_6_grep.txt; sourceTree = "<group>"; };
		3A8453BE2AFB7332003730A0 /* test_0_grep.txt */ = {isa = PBXFileReference; fileEncoding = 4; lastKnownFileType = text; path = test_0_grep.txt; sourceTree = "<group>"; };
		3A8453BF2AFB7332003730A0 /* test_2_grep.txt */ = {isa = PBXFileReference; fileEncoding = 4; lastKnownFileType = text; path = test_2_grep.txt; sourceTree = "<group>"; };
		3A8453C02AFB7332003730A0 /* test_4_grep.txt */ = {isa = PBXFileReference; fileEncoding = 4; lastKnownFileType = text; path = test_4_grep.txt; sourceTree = "<group>"; };
		3A8453C12AFB7332003730A0 /* test_ptrn_grep.txt */ = {isa = PBXFileReference; fileEncoding = 4; lastKnownFileType = text; path = test_ptrn_grep.txt; sourceTree = "<group>"; };
		3A8453C22AFB7332003730A0 /* test_leak_grep.sh */ = {isa = PBXFileReference; fileEncoding = 4; lastKnownFileType = text.script.sh; path = test_leak_grep.sh; sourceTree = "<group>"; };
		3A8453C32AFB7332003730A0 /* test_valgrind_grep.sh */ = {isa = PBXFileReference; fileEncoding = 4; lastKnownFileType = text.script.sh; path = test_valgrind_grep.sh; sourceTree = "<group>"; };
		3A8453C42AFB7332003730A0 /* test_func_grep.sh */ = {isa = PBXFileReference; fileEncoding = 4; lastKnownFileType = text.script.sh; path = test_func_grep.sh; sourceTree = "<group>"; };
		3A8453C52AFB7332003730A0 /* test_1_grep.txt */ = {isa = PBXFileReference; fileEncoding = 4; lastKnownFileType = text; path = test_1_grep.txt; sourceTree = "<group>"; };
		3A8453C62AFB733D003730A0 /* test_case_cat.txt */ = {isa = PBXFileReference; fileEncoding = 4; lastKnownFileType = text; path = test_case_cat.txt; sourceTree = "<group>"; };
		3A8453C72AFB733D003730A0 /* test_1_cat.txt */ = {isa = PBXFileReference; fileEncoding = 4; lastKnownFileType = text; path = test_1_cat.txt; sourceTree = "<group>"; };
		3A8453C82AFB733D003730A0 /* test_2_cat.txt */ = {isa = PBXFileReference; fileEncoding = 4; lastKnownFileType = text; path = test_2_cat.txt; sourceTree = "<group>"; };
		3A8453C92AFB733D003730A0 /* Makefile */ = {isa = PBXFileReference; fileEncoding = 4; lastKnownFileType = sourcecode.make; path = Makefile; sourceTree = "<group>"; };
		3A8453CA2AFB733D003730A0 /* test_4_cat.txt */ = {isa = PBXFileReference; fileEncoding = 4; lastKnownFileType = text; path = test_4_cat.txt; sourceTree = "<group>"; };
		3A8453CB2AFB733D003730A0 /* test_func_cat.sh */ = {isa = PBXFileReference; fileEncoding = 4; lastKnownFileType = text.script.sh; path = test_func_cat.sh; sourceTree = "<group>"; };
		3A8453CC2AFB733D003730A0 /* test_leak_cat.sh */ = {isa = PBXFileReference; fileEncoding = 4; lastKnownFileType = text.script.sh; path = test_leak_cat.sh; sourceTree = "<group>"; };
		3A8453CD2AFB733D003730A0 /* test_5_cat.txt */ = {isa = PBXFileReference; fileEncoding = 4; lastKnownFileType = text; path = test_5_cat.txt; sourceTree = "<group>"; };
/* End PBXFileReference section */

/* Begin PBXFrameworksBuildPhase section */
		3A6CC1DC2AF4CC2700F52464 /* Frameworks */ = {
			isa = PBXFrameworksBuildPhase;
			buildActionMask = 2147483647;
			files = (
			);
			runOnlyForDeploymentPostprocessing = 0;
		};
/* End PBXFrameworksBuildPhase section */

/* Begin PBXGroup section */
		3A6CC1D62AF4CC2700F52464 = {
			isa = PBXGroup;
			children = (
				3A6CC1E12AF4CC2700F52464 /* Libraries */,
				3A6CC1E02AF4CC2700F52464 /* Products */,
			);
			sourceTree = "<group>";
		};
		3A6CC1E02AF4CC2700F52464 /* Products */ = {
			isa = PBXGroup;
			children = (
				3A6CC1DF2AF4CC2700F52464 /* Libraries */,
			);
			name = Products;
			sourceTree = "<group>";
		};
		3A6CC1E12AF4CC2700F52464 /* Libraries */ = {
			isa = PBXGroup;
			children = (
				3A6CC2012AF76A8D00F52464 /* bash_utilits */,
				3A6CC1FD2AF5F1E600F52464 /* matrix */,
				3A6CC1F92AF5CF4000F52464 /* decimal */,
				3A6CC1F22AF4CE8300F52464 /* math */,
				3A6CC1F12AF4CE6600F52464 /* string */,
			);
			path = Libraries;
			sourceTree = "<group>";
		};
		3A6CC1F12AF4CE6600F52464 /* string */ = {
			isa = PBXGroup;
			children = (
				3A3C3FBB2B08F49800113E94 /* Makefile */,
				3A3C3FC32B08F49800113E94 /* s21_insert.c */,
				3A3C3FC42B08F49800113E94 /* s21_memchr.c */,
				3A3C3FC72B08F49800113E94 /* s21_memcmp.c */,
				3A3C3FBE2B08F49800113E94 /* s21_memcpy.c */,
				3A3C3FCA2B08F49800113E94 /* s21_memset.c */,
				3A3C3FCF2B08F49800113E94 /* s21_sprintf.h */,
				3A3C3FCE2B08F49800113E94 /* s21_strcat.c */,
				3A3C3FC12B08F49800113E94 /* s21_strchr.c */,
				3A3C3FC62B08F49800113E94 /* s21_strcspn.c */,
				3A3C3FCC2B08F49800113E94 /* s21_strerror.c */,
				3A3C3FC52B08F49800113E94 /* s21_strlen.c */,
				3A3C3FC82B08F49800113E94 /* s21_strncat.c */,
				3A3C3FD02B08F49800113E94 /* s21_strncmp.c */,
				3A3C3FC92B08F49800113E94 /* s21_strncpy.c */,
				3A3C3FCB2B08F49800113E94 /* s21_strpbrk.c */,
				3A3C3FBF2B08F49800113E94 /* s21_strrchr.c */,
				3A3C3FBC2B08F49800113E94 /* s21_strstr.c */,
				3A3C3FCD2B08F49800113E94 /* s21_strtok.c */,
				3A3C3FD12B08F49800113E94 /* s21_to_lower.c */,
				3A3C3FC22B08F49800113E94 /* s21_to_upper.c */,
				3A3C3FBD2B08F49800113E94 /* s21_trim.c */,
				3A3C3FC02B08F49800113E94 /* unit_tests */,
				3A6CC1E92AF4CC6400F52464 /* s21_string.h */,
				3A6CC1EA2AF4CC6400F52464 /* s21_sprintf.c */,
			);
			path = string;
			sourceTree = "<group>";
		};
		3A6CC1F22AF4CE8300F52464 /* math */ = {
			isa = PBXGroup;
			children = (
				3A086BBD2AFE0AA70023B692 /* Makefile */,
				3A086BAB2AFE0AA70023B692 /* s21_abs.c */,
				3A086BBA2AFE0AA70023B692 /* s21_acos.c */,
				3A086BB52AFE0AA70023B692 /* s21_asin.c */,
				3A086BBC2AFE0AA70023B692 /* s21_atan.c */,
				3A086BB12AFE0AA70023B692 /* s21_ceil.c */,
				3A086BB32AFE0AA70023B692 /* s21_cos.c */,
				3A086BB82AFE0AA70023B692 /* s21_exp.c */,
				3A086BBB2AFE0AA70023B692 /* s21_fabs.c */,
				3A086BAE2AFE0AA70023B692 /* s21_factorial.c */,
				3A086BB22AFE0AA70023B692 /* s21_floor.c */,
				3A086BAD2AFE0AA70023B692 /* s21_fmod.c */,
				3A086BB62AFE0AA70023B692 /* s21_log.c */,
				3A086BB02AFE0AA70023B692 /* s21_math.h */,
				3A086BAC2AFE0AA70023B692 /* s21_pow.c */,
				3A086BAF2AFE0AA70023B692 /* s21_sin.c */,
				3A086BB42AFE0AA70023B692 /* s21_sqrt.c */,
				3A086BB72AFE0AA70023B692 /* s21_tan.c */,
				3A086BBE2AFE0AA70023B692 /* unit_tests */,
			);
			path = math;
			sourceTree = "<group>";
		};
		3A6CC1F92AF5CF4000F52464 /* decimal */ = {
			isa = PBXGroup;
			children = (
				3A7AF3DC2B1F215300DA9749 /* coverage */,
				3A7AF3DB2B1F215300DA9749 /* funcs */,
				3A7AF3DA2B1F215300DA9749 /* Makefile */,
				3A7AF3DD2B1F215300DA9749 /* objs */,
				3A7AF3DE2B1F215300DA9749 /* tests */,
			);
			path = decimal;
			sourceTree = "<group>";
		};
		3A6CC1FD2AF5F1E600F52464 /* matrix */ = {
			isa = PBXGroup;
			children = (
				3A7AF3E02B1F231900DA9749 /* unit_tests */,
				3A3C3FF42B0B9F7D00113E94 /* Makefile */,
				3A3C3FE72B0B9F7D00113E94 /* s21_calc_complements.c */,
				3A3C3FF22B0B9F7D00113E94 /* s21_common.c */,
				3A3C3FF32B0B9F7D00113E94 /* s21_create_matrix.c */,
				3A3C3FF02B0B9F7D00113E94 /* s21_determinant.c */,
				3A3C3FEE2B0B9F7D00113E94 /* s21_eq_matrix.c */,
				3A3C3FEB2B0B9F7D00113E94 /* s21_inverse_matrix.c */,
				3A3C3FEF2B0B9F7D00113E94 /* s21_mult_matrix.c */,
				3A3C3FE82B0B9F7D00113E94 /* s21_mult_number.c */,
				3A3C3FEC2B0B9F7D00113E94 /* s21_remove_matrix.c */,
				3A3C3FE92B0B9F7D00113E94 /* s21_sub_matrix.c */,
				3A3C3FF12B0B9F7D00113E94 /* s21_sum_matrix.c */,
				3A3C3FED2B0B9F7D00113E94 /* s21_transpose.c */,
				3A3C3FEA2B0B9F7D00113E94 /* tests */,
				3A6CC1FE2AF5F22400F52464 /* s21_matrix.h */,
			);
			path = matrix;
			sourceTree = "<group>";
		};
		3A6CC2012AF76A8D00F52464 /* bash_utilits */ = {
			isa = PBXGroup;
			children = (
				3A6CC2062AF76B1A00F52464 /* grep */,
				3A6CC2052AF76B0E00F52464 /* cat */,
			);
			path = bash_utilits;
			sourceTree = "<group>";
		};
		3A6CC2052AF76B0E00F52464 /* cat */ = {
			isa = PBXGroup;
			children = (
				3A8453C92AFB733D003730A0 /* Makefile */,
				3A8453C72AFB733D003730A0 /* test_1_cat.txt */,
				3A8453C82AFB733D003730A0 /* test_2_cat.txt */,
				3A8453CA2AFB733D003730A0 /* test_4_cat.txt */,
				3A8453CD2AFB733D003730A0 /* test_5_cat.txt */,
				3A8453C62AFB733D003730A0 /* test_case_cat.txt */,
				3A8453CB2AFB733D003730A0 /* test_func_cat.sh */,
				3A8453CC2AFB733D003730A0 /* test_leak_cat.sh */,
				3A6CC2022AF76AEB00F52464 /* s21_cat.h */,
				3A6CC2032AF76AEB00F52464 /* s21_cat.c */,
			);
			path = cat;
			sourceTree = "<group>";
		};
		3A6CC2062AF76B1A00F52464 /* grep */ = {
			isa = PBXGroup;
			children = (
				3A8453BA2AFB7332003730A0 /* Makefile */,
				3A8453BE2AFB7332003730A0 /* test_0_grep.txt */,
				3A8453C52AFB7332003730A0 /* test_1_grep.txt */,
				3A8453BF2AFB7332003730A0 /* test_2_grep.txt */,
				3A8453BB2AFB7332003730A0 /* test_3_grep.txt */,
				3A8453C02AFB7332003730A0 /* test_4_grep.txt */,
				3A8453BC2AFB7332003730A0 /* test_5_grep.txt */,
				3A8453BD2AFB7332003730A0 /* test_6_grep.txt */,
				3A8453C42AFB7332003730A0 /* test_func_grep.sh */,
				3A8453C22AFB7332003730A0 /* test_leak_grep.sh */,
				3A8453C12AFB7332003730A0 /* test_ptrn_grep.txt */,
				3A8453C32AFB7332003730A0 /* test_valgrind_grep.sh */,
				3A6CC2072AF76B3300F52464 /* s21_grep.h */,
				3A6CC2082AF76B3300F52464 /* s21_grep.c */,
			);
			path = grep;
			sourceTree = "<group>";
		};
/* End PBXGroup section */

/* Begin PBXNativeTarget section */
		3A6CC1DE2AF4CC2700F52464 /* Libraries */ = {
			isa = PBXNativeTarget;
			buildConfigurationList = 3A6CC1E62AF4CC2700F52464 /* Build configuration list for PBXNativeTarget "Libraries" */;
			buildPhases = (
				3A6CC1DB2AF4CC2700F52464 /* Sources */,
				3A6CC1DC2AF4CC2700F52464 /* Frameworks */,
				3A6CC1DD2AF4CC2700F52464 /* CopyFiles */,
			);
			buildRules = (
			);
			dependencies = (
			);
			name = Libraries;
			productName = Libraries;
			productReference = 3A6CC1DF2AF4CC2700F52464 /* Libraries */;
			productType = "com.apple.product-type.tool";
		};
/* End PBXNativeTarget section */

/* Begin PBXProject section */
		3A6CC1D72AF4CC2700F52464 /* Project object */ = {
			isa = PBXProject;
			attributes = {
				BuildIndependentTargetsInParallel = 1;
				LastUpgradeCheck = 1500;
				TargetAttributes = {
					3A6CC1DE2AF4CC2700F52464 = {
						CreatedOnToolsVersion = 15.0;
					};
				};
			};
			buildConfigurationList = 3A6CC1DA2AF4CC2700F52464 /* Build configuration list for PBXProject "Libraries" */;
			compatibilityVersion = "Xcode 14.0";
			developmentRegion = en;
			hasScannedForEncodings = 0;
			knownRegions = (
				en,
				Base,
			);
			mainGroup = 3A6CC1D62AF4CC2700F52464;
			productRefGroup = 3A6CC1E02AF4CC2700F52464 /* Products */;
			projectDirPath = "";
			projectRoot = "";
			targets = (
				3A6CC1DE2AF4CC2700F52464 /* Libraries */,
			);
		};
/* End PBXProject section */

/* Begin PBXSourcesBuildPhase section */
		3A6CC1DB2AF4CC2700F52464 /* Sources */ = {
			isa = PBXSourcesBuildPhase;
			buildActionMask = 2147483647;
			files = (
				3A3C3FDE2B08F49800113E94 /* s21_strncat.c in Sources */,
				3A086BCB2AFE0AA70023B692 /* s21_exp.c in Sources */,
				3A086BC72AFE0AA70023B692 /* s21_sqrt.c in Sources */,
				3A3C3FD62B08F49800113E94 /* s21_strrchr.c in Sources */,
				3A3C3FF92B0B9F7D00113E94 /* s21_remove_matrix.c in Sources */,
				3A3C3FFF2B0B9F7D00113E94 /* s21_common.c in Sources */,
				3A086BC92AFE0AA70023B692 /* s21_log.c in Sources */,
				3A3C3FDF2B08F49800113E94 /* s21_strncpy.c in Sources */,
				3A6CC2092AF76B3300F52464 /* s21_grep.c in Sources */,
				3A086BC52AFE0AA70023B692 /* s21_floor.c in Sources */,
				3A3C3FD72B08F49800113E94 /* s21_strchr.c in Sources */,
				3A086BC82AFE0AA70023B692 /* s21_asin.c in Sources */,
				3A086BC32AFE0AA70023B692 /* s21_sin.c in Sources */,
				3A086BC62AFE0AA70023B692 /* s21_cos.c in Sources */,
				3A086BCF2AFE0AA70023B692 /* Makefile in Sources */,
				3A3C3FE22B08F49800113E94 /* s21_strerror.c in Sources */,
				3A3C3FD42B08F49800113E94 /* s21_trim.c in Sources */,
				3A3C3FDB2B08F49800113E94 /* s21_strlen.c in Sources */,
				3A086BCA2AFE0AA70023B692 /* s21_tan.c in Sources */,
				3A8453CE2AFB733D003730A0 /* Makefile in Sources */,
				3A3C3FDD2B08F49800113E94 /* s21_memcmp.c in Sources */,
				3A086BCD2AFE0AA70023B692 /* s21_fabs.c in Sources */,
				3A3C3FE12B08F49800113E94 /* s21_strpbrk.c in Sources */,
				3A086BBF2AFE0AA70023B692 /* s21_abs.c in Sources */,
				3A3C3FE42B08F49800113E94 /* s21_strcat.c in Sources */,
				3A3C3FF52B0B9F7D00113E94 /* s21_calc_complements.c in Sources */,
				3A086BCC2AFE0AA70023B692 /* s21_acos.c in Sources */,
				3A3C3FE02B08F49800113E94 /* s21_memset.c in Sources */,
				3A086BC42AFE0AA70023B692 /* s21_ceil.c in Sources */,
				3A3C3FD22B08F49800113E94 /* Makefile in Sources */,
				3A3C3FFB2B0B9F7D00113E94 /* s21_eq_matrix.c in Sources */,
				3A3C3FD92B08F49800113E94 /* s21_insert.c in Sources */,
				3A3C3FD52B08F49800113E94 /* s21_memcpy.c in Sources */,
				3A3C3FFE2B0B9F7D00113E94 /* s21_sum_matrix.c in Sources */,
				3A3C3FFC2B0B9F7D00113E94 /* s21_mult_matrix.c in Sources */,
				3A3C3FFA2B0B9F7D00113E94 /* s21_transpose.c in Sources */,
				3A3C3FD32B08F49800113E94 /* s21_strstr.c in Sources */,
				3A6CC2042AF76AEB00F52464 /* s21_cat.c in Sources */,
				3A3C3FDA2B08F49800113E94 /* s21_memchr.c in Sources */,
				3A086BC22AFE0AA70023B692 /* s21_factorial.c in Sources */,
				3A3C40002B0B9F7D00113E94 /* s21_create_matrix.c in Sources */,
				3A7AF3DF2B1F215300DA9749 /* Makefile in Sources */,
				3A3C40012B0B9F7D00113E94 /* Makefile in Sources */,
				3A086BC02AFE0AA70023B692 /* s21_pow.c in Sources */,
				3A3C3FFD2B0B9F7D00113E94 /* s21_determinant.c in Sources */,
				3A3C3FF72B0B9F7D00113E94 /* s21_sub_matrix.c in Sources */,
				3A3C3FE52B08F49800113E94 /* s21_strncmp.c in Sources */,
				3A3C3FF62B0B9F7D00113E94 /* s21_mult_number.c in Sources */,
				3A6CC1EB2AF4CC6400F52464 /* s21_sprintf.c in Sources */,
				3A3C3FDC2B08F49800113E94 /* s21_strcspn.c in Sources */,
				3A3C3FE62B08F49800113E94 /* s21_to_lower.c in Sources */,
				3A3C3FF82B0B9F7D00113E94 /* s21_inverse_matrix.c in Sources */,
				3A086BCE2AFE0AA70023B692 /* s21_atan.c in Sources */,
				3A3C3FD82B08F49800113E94 /* s21_to_upper.c in Sources */,
				3A3C3FE32B08F49800113E94 /* s21_strtok.c in Sources */,
				3A086BC12AFE0AA70023B692 /* s21_fmod.c in Sources */,
			);
			runOnlyForDeploymentPostprocessing = 0;
		};
/* End PBXSourcesBuildPhase section */

/* Begin XCBuildConfiguration section */
		3A6CC1E42AF4CC2700F52464 /* Debug */ = {
			isa = XCBuildConfiguration;
			buildSettings = {
				ALWAYS_SEARCH_USER_PATHS = NO;
				ASSETCATALOG_COMPILER_GENERATE_SWIFT_ASSET_SYMBOL_EXTENSIONS = YES;
				CLANG_ANALYZER_NONNULL = YES;
				CLANG_ANALYZER_NUMBER_OBJECT_CONVERSION = YES_AGGRESSIVE;
				CLANG_CXX_LANGUAGE_STANDARD = "gnu++20";
				CLANG_ENABLE_MODULES = YES;
				CLANG_ENABLE_OBJC_ARC = YES;
				CLANG_ENABLE_OBJC_WEAK = YES;
				CLANG_WARN_BLOCK_CAPTURE_AUTORELEASING = YES;
				CLANG_WARN_BOOL_CONVERSION = YES;
				CLANG_WARN_COMMA = YES;
				CLANG_WARN_CONSTANT_CONVERSION = YES;
				CLANG_WARN_DEPRECATED_OBJC_IMPLEMENTATIONS = YES;
				CLANG_WARN_DIRECT_OBJC_ISA_USAGE = YES_ERROR;
				CLANG_WARN_DOCUMENTATION_COMMENTS = YES;
				CLANG_WARN_EMPTY_BODY = YES;
				CLANG_WARN_ENUM_CONVERSION = YES;
				CLANG_WARN_INFINITE_RECURSION = YES;
				CLANG_WARN_INT_CONVERSION = YES;
				CLANG_WARN_NON_LITERAL_NULL_CONVERSION = YES;
				CLANG_WARN_OBJC_IMPLICIT_RETAIN_SELF = YES;
				CLANG_WARN_OBJC_LITERAL_CONVERSION = YES;
				CLANG_WARN_OBJC_ROOT_CLASS = YES_ERROR;
				CLANG_WARN_QUOTED_INCLUDE_IN_FRAMEWORK_HEADER = YES;
				CLANG_WARN_RANGE_LOOP_ANALYSIS = YES;
				CLANG_WARN_STRICT_PROTOTYPES = YES;
				CLANG_WARN_SUSPICIOUS_MOVE = YES;
				CLANG_WARN_UNGUARDED_AVAILABILITY = YES_AGGRESSIVE;
				CLANG_WARN_UNREACHABLE_CODE = YES;
				CLANG_WARN__DUPLICATE_METHOD_MATCH = YES;
				COPY_PHASE_STRIP = NO;
				DEBUG_INFORMATION_FORMAT = dwarf;
				ENABLE_STRICT_OBJC_MSGSEND = YES;
				ENABLE_TESTABILITY = YES;
				ENABLE_USER_SCRIPT_SANDBOXING = YES;
				GCC_C_LANGUAGE_STANDARD = gnu17;
				GCC_DYNAMIC_NO_PIC = NO;
				GCC_NO_COMMON_BLOCKS = YES;
				GCC_OPTIMIZATION_LEVEL = 0;
				GCC_PREPROCESSOR_DEFINITIONS = (
					"DEBUG=1",
					"$(inherited)",
				);
				GCC_WARN_64_TO_32_BIT_CONVERSION = YES;
				GCC_WARN_ABOUT_RETURN_TYPE = YES_ERROR;
				GCC_WARN_UNDECLARED_SELECTOR = YES;
				GCC_WARN_UNINITIALIZED_AUTOS = YES_AGGRESSIVE;
				GCC_WARN_UNUSED_FUNCTION = YES;
				GCC_WARN_UNUSED_VARIABLE = YES;
				LOCALIZATION_PREFERS_STRING_CATALOGS = YES;
				MACOSX_DEPLOYMENT_TARGET = 14.0;
				MTL_ENABLE_DEBUG_INFO = INCLUDE_SOURCE;
				MTL_FAST_MATH = YES;
				ONLY_ACTIVE_ARCH = YES;
				SDKROOT = macosx;
			};
			name = Debug;
		};
		3A6CC1E52AF4CC2700F52464 /* Release */ = {
			isa = XCBuildConfiguration;
			buildSettings = {
				ALWAYS_SEARCH_USER_PATHS = NO;
				ASSETCATALOG_COMPILER_GENERATE_SWIFT_ASSET_SYMBOL_EXTENSIONS = YES;
				CLANG_ANALYZER_NONNULL = YES;
				CLANG_ANALYZER_NUMBER_OBJECT_CONVERSION = YES_AGGRESSIVE;
				CLANG_CXX_LANGUAGE_STANDARD = "gnu++20";
				CLANG_ENABLE_MODULES = YES;
				CLANG_ENABLE_OBJC_ARC = YES;
				CLANG_ENABLE_OBJC_WEAK = YES;
				CLANG_WARN_BLOCK_CAPTURE_AUTORELEASING = YES;
				CLANG_WARN_BOOL_CONVERSION = YES;
				CLANG_WARN_COMMA = YES;
				CLANG_WARN_CONSTANT_CONVERSION = YES;
				CLANG_WARN_DEPRECATED_OBJC_IMPLEMENTATIONS = YES;
				CLANG_WARN_DIRECT_OBJC_ISA_USAGE = YES_ERROR;
				CLANG_WARN_DOCUMENTATION_COMMENTS = YES;
				CLANG_WARN_EMPTY_BODY = YES;
				CLANG_WARN_ENUM_CONVERSION = YES;
				CLANG_WARN_INFINITE_RECURSION = YES;
				CLANG_WARN_INT_CONVERSION = YES;
				CLANG_WARN_NON_LITERAL_NULL_CONVERSION = YES;
				CLANG_WARN_OBJC_IMPLICIT_RETAIN_SELF = YES;
				CLANG_WARN_OBJC_LITERAL_CONVERSION = YES;
				CLANG_WARN_OBJC_ROOT_CLASS = YES_ERROR;
				CLANG_WARN_QUOTED_INCLUDE_IN_FRAMEWORK_HEADER = YES;
				CLANG_WARN_RANGE_LOOP_ANALYSIS = YES;
				CLANG_WARN_STRICT_PROTOTYPES = YES;
				CLANG_WARN_SUSPICIOUS_MOVE = YES;
				CLANG_WARN_UNGUARDED_AVAILABILITY = YES_AGGRESSIVE;
				CLANG_WARN_UNREACHABLE_CODE = YES;
				CLANG_WARN__DUPLICATE_METHOD_MATCH = YES;
				COPY_PHASE_STRIP = NO;
				DEBUG_INFORMATION_FORMAT = "dwarf-with-dsym";
				ENABLE_NS_ASSERTIONS = NO;
				ENABLE_STRICT_OBJC_MSGSEND = YES;
				ENABLE_USER_SCRIPT_SANDBOXING = YES;
				GCC_C_LANGUAGE_STANDARD = gnu17;
				GCC_NO_COMMON_BLOCKS = YES;
				GCC_WARN_64_TO_32_BIT_CONVERSION = YES;
				GCC_WARN_ABOUT_RETURN_TYPE = YES_ERROR;
				GCC_WARN_UNDECLARED_SELECTOR = YES;
				GCC_WARN_UNINITIALIZED_AUTOS = YES_AGGRESSIVE;
				GCC_WARN_UNUSED_FUNCTION = YES;
				GCC_WARN_UNUSED_VARIABLE = YES;
				LOCALIZATION_PREFERS_STRING_CATALOGS = YES;
				MACOSX_DEPLOYMENT_TARGET = 14.0;
				MTL_ENABLE_DEBUG_INFO = NO;
				MTL_FAST_MATH = YES;
				SDKROOT = macosx;
			};
			name = Release;
		};
		3A6CC1E72AF4CC2700F52464 /* Debug */ = {
			isa = XCBuildConfiguration;
			buildSettings = {
				CODE_SIGN_STYLE = Automatic;
				DEVELOPMENT_TEAM = B62554WY7Z;
				ENABLE_HARDENED_RUNTIME = YES;
				LIBRARY_SEARCH_PATHS = (
					"$(inherited)",
					"$(PROJECT_DIR)/Libraries/matrix",
				);
				PRODUCT_NAME = "$(TARGET_NAME)";
			};
			name = Debug;
		};
		3A6CC1E82AF4CC2700F52464 /* Release */ = {
			isa = XCBuildConfiguration;
			buildSettings = {
				CODE_SIGN_STYLE = Automatic;
				DEVELOPMENT_TEAM = B62554WY7Z;
				ENABLE_HARDENED_RUNTIME = YES;
				LIBRARY_SEARCH_PATHS = (
					"$(inherited)",
					"$(PROJECT_DIR)/Libraries/matrix",
				);
				PRODUCT_NAME = "$(TARGET_NAME)";
			};
			name = Release;
		};
/* End XCBuildConfiguration section */

/* Begin XCConfigurationList section */
		3A6CC1DA2AF4CC2700F52464 /* Build configuration list for PBXProject "Libraries" */ = {
			isa = XCConfigurationList;
			buildConfigurations = (
				3A6CC1E42AF4CC2700F52464 /* Debug */,
				3A6CC1E52AF4CC2700F52464 /* Release */,
			);
			defaultConfigurationIsVisible = 0;
			defaultConfigurationName = Release;
		};
		3A6CC1E62AF4CC2700F52464 /* Build configuration list for PBXNativeTarget "Libraries" */ = {
			isa = XCConfigurationList;
			buildConfigurations = (
				3A6CC1E72AF4CC2700F52464 /* Debug */,
				3A6CC1E82AF4CC2700F52464 /* Release */,
			);
			defaultConfigurationIsVisible = 0;
			defaultConfigurationName = Release;
		};
/* End XCConfigurationList section */
	};
	rootObject = 3A6CC1D72AF4CC2700F52464 /* Project object */;
}
